
Microsoft Visual Studio Solution File, Format Version 12.00
# Visual Studio Version 16
VisualStudioVersion = 16.0.29509.3
MinimumVisualStudioVersion = 10.0.40219.1
Project("{FAE04EC0-301F-11D3-BF4B-00C04F79EFBC}") = "OdeToFood", "OdeToFood\OdeToFood.csproj", "{7FF2B752-FDEB-4C82-8967-200B2972D16E}"
EndProject
Project("{FAE04EC0-301F-11D3-BF4B-00C04F79EFBC}") = "OdeToFood.Core", "OdeToFood.Core\OdeToFood.Core.csproj", "{15E36601-D0B0-4C69-94AE-C1FBD4A6B2DA}"
EndProject
Project("{FAE04EC0-301F-11D3-BF4B-00C04F79EFBC}") = "OdeToFood.Data", "OdeToFood.Data\OdeToFood.Data.csproj", "{464401A7-5DB7-426C-A024-E1FDE0639A74}"
EndProject
Global
	GlobalSection(SolutionConfigurationPlatforms) = preSolution
		Debug|Any CPU = Debug|Any CPU
		Release|Any CPU = Release|Any CPU
	EndGlobalSection
	GlobalSection(ProjectConfigurationPlatforms) = postSolution
		{7FF2B752-FDEB-4C82-8967-200B2972D16E}.Debug|Any CPU.ActiveCfg = Debug|Any CPU
		{7FF2B752-FDEB-4C82-8967-200B2972D16E}.Debug|Any CPU.Build.0 = Debug|Any CPU
		{7FF2B752-FDEB-4C82-8967-200B2972D16E}.Release|Any CPU.ActiveCfg = Release|Any CPU
		{7FF2B752-FDEB-4C82-8967-200B2972D16E}.Release|Any CPU.Build.0 = Release|Any CPU
		{15E36601-D0B0-4C69-94AE-C1FBD4A6B2DA}.Debug|Any CPU.ActiveCfg = Debug|Any CPU
		{15E36601-D0B0-4C69-94AE-C1FBD4A6B2DA}.Debug|Any CPU.Build.0 = Debug|Any CPU
		{15E36601-D0B0-4C69-94AE-C1FBD4A6B2DA}.Release|Any CPU.ActiveCfg = Release|Any CPU
		{15E36601-D0B0-4C69-94AE-C1FBD4A6B2DA}.Release|Any CPU.Build.0 = Release|Any CPU
		{464401A7-5DB7-426C-A024-E1FDE0639A74}.Debug|Any CPU.ActiveCfg = Debug|Any CPU
		{464401A7-5DB7-426C-A024-E1FDE0639A74}.Debug|Any CPU.Build.0 = Debug|Any CPU
		{464401A7-5DB7-426C-A024-E1FDE0639A74}.Release|Any CPU.ActiveCfg = Release|Any CPU
		{464401A7-5DB7-426C-A024-E1FDE0639A74}.Release|Any CPU.Build.0 = Release|Any CPU
	EndGlobalSection
	GlobalSection(SolutionProperties) = preSolution
		HideSolutionNode = FALSE
	EndGlobalSection
	GlobalSection(ExtensibilityGlobals) = postSolution
		SolutionGuid = {F77336F2-8D8D-4089-8337-70D09D6DC9EE}
	EndGlobalSection
EndGlobal
